
Microsoft Visual Studio Solution File, Format Version 12.00
# Visual Studio Version 17
VisualStudioVersion = 17.7.34031.279
MinimumVisualStudioVersion = 10.0.40219.1
Project("{FAE04EC0-301F-11D3-BF4B-00C04F79EFBC}") = "RedBluePageComposer", "RedBluePageComposer.csproj", "{028DA38D-0CF3-4CA6-8111-2E01C147E83E}"
EndProject
Global
	GlobalSection(SolutionConfigurationPlatforms) = preSolution
		Debug|Any CPU = Debug|Any CPU
		Release|Any CPU = Release|Any CPU
	EndGlobalSection
	GlobalSection(ProjectConfigurationPlatforms) = postSolution
		{028DA38D-0CF3-4CA6-8111-2E01C147E83E}.Debug|Any CPU.ActiveCfg = Debug|Any CPU
		{028DA38D-0CF3-4CA6-8111-2E01C147E83E}.Debug|Any CPU.Build.0 = Debug|Any CPU
		{028DA38D-0CF3-4CA6-8111-2E01C147E83E}.Release|Any CPU.ActiveCfg = Release|Any CPU
		{028DA38D-0CF3-4CA6-8111-2E01C147E83E}.Release|Any CPU.Build.0 = Release|Any CPU
	EndGlobalSection
	GlobalSection(SolutionProperties) = preSolution
		HideSolutionNode = FALSE
	EndGlobalSection
	GlobalSection(ExtensibilityGlobals) = postSolution
		SolutionGuid = {6BF404F2-0344-4294-A2CF-073148BC1E39}
	EndGlobalSection
EndGlobal
